// !$*UTF8*$!
{
	archiveVersion = 1;
	classes = {
	};
	objectVersion = 56;
	objects = {

/* Begin PBXBuildFile section */
		659E1C472B30AA3600A29617 /* HotelProjectApp.swift in Sources */ = {isa = PBXBuildFile; fileRef = 659E1C462B30AA3600A29617 /* HotelProjectApp.swift */; };
		659E1C492B30AA3600A29617 /* ContentView.swift in Sources */ = {isa = PBXBuildFile; fileRef = 659E1C482B30AA3600A29617 /* ContentView.swift */; };
		659E1C4B2B30AA3900A29617 /* Assets.xcassets in Resources */ = {isa = PBXBuildFile; fileRef = 659E1C4A2B30AA3900A29617 /* Assets.xcassets */; };
		659E1C4E2B30AA3900A29617 /* Preview Assets.xcassets in Resources */ = {isa = PBXBuildFile; fileRef = 659E1C4D2B30AA3900A29617 /* Preview Assets.xcassets */; };
		659E1C582B30AB4000A29617 /* MainHotelView.swift in Sources */ = {isa = PBXBuildFile; fileRef = 659E1C572B30AB4000A29617 /* MainHotelView.swift */; };
		659E1C5B2B30AC8800A29617 /* AppColors.swift in Sources */ = {isa = PBXBuildFile; fileRef = 659E1C5A2B30AC8800A29617 /* AppColors.swift */; };
		659E1C5E2B30D4F500A29617 /* WrappingHstack.swift in Sources */ = {isa = PBXBuildFile; fileRef = 659E1C5D2B30D4F500A29617 /* WrappingHstack.swift */; };
		659E1C602B30D52800A29617 /* SpecificRounCorner.swift in Sources */ = {isa = PBXBuildFile; fileRef = 659E1C5F2B30D52800A29617 /* SpecificRounCorner.swift */; };
		659E1C622B30D57400A29617 /* MainViewModel.swift in Sources */ = {isa = PBXBuildFile; fileRef = 659E1C612B30D57400A29617 /* MainViewModel.swift */; };
		659E1C652B30D5D100A29617 /* Alamofire in Frameworks */ = {isa = PBXBuildFile; productRef = 659E1C642B30D5D100A29617 /* Alamofire */; };
		659E1C682B30D61700A29617 /* Kingfisher in Frameworks */ = {isa = PBXBuildFile; productRef = 659E1C672B30D61700A29617 /* Kingfisher */; };
		659E1C6B2B30D62A00A29617 /* ApiManager.swift in Sources */ = {isa = PBXBuildFile; fileRef = 659E1C6A2B30D62A00A29617 /* ApiManager.swift */; };
		659E1C6E2B30D6A800A29617 /* FirstPageModel.swift in Sources */ = {isa = PBXBuildFile; fileRef = 659E1C6D2B30D6A800A29617 /* FirstPageModel.swift */; };
		659E1C712B31353B00A29617 /* RoomsViewList.swift in Sources */ = {isa = PBXBuildFile; fileRef = 659E1C702B31353B00A29617 /* RoomsViewList.swift */; };
		659E1C732B31588F00A29617 /* RoomsListViewModel.swift in Sources */ = {isa = PBXBuildFile; fileRef = 659E1C722B31588F00A29617 /* RoomsListViewModel.swift */; };
		659E1C752B31597200A29617 /* RoomListModel.swift in Sources */ = {isa = PBXBuildFile; fileRef = 659E1C742B31597200A29617 /* RoomListModel.swift */; };
		659E1C782B315F3400A29617 /* RoomCard.swift in Sources */ = {isa = PBXBuildFile; fileRef = 659E1C772B315F3400A29617 /* RoomCard.swift */; };
		659E1C7B2B315F5500A29617 /* RatingView.swift in Sources */ = {isa = PBXBuildFile; fileRef = 659E1C7A2B315F5500A29617 /* RatingView.swift */; };
		659E1C7D2B315F7E00A29617 /* OptionView.swift in Sources */ = {isa = PBXBuildFile; fileRef = 659E1C7C2B315F7E00A29617 /* OptionView.swift */; };
		659E1C7F2B315FB600A29617 /* DescriptionLine.swift in Sources */ = {isa = PBXBuildFile; fileRef = 659E1C7E2B315FB600A29617 /* DescriptionLine.swift */; };
		659E1C812B315FD800A29617 /* Images.swift in Sources */ = {isa = PBXBuildFile; fileRef = 659E1C802B315FD800A29617 /* Images.swift */; };
		659E1C842B31618100A29617 /* OrderView.swift in Sources */ = {isa = PBXBuildFile; fileRef = 659E1C832B31618100A29617 /* OrderView.swift */; };
		659E1C872B3166A000A29617 /* CustomTextField.swift in Sources */ = {isa = PBXBuildFile; fileRef = 659E1C862B3166A000A29617 /* CustomTextField.swift */; };
		659E1C8A2B31701A00A29617 /* InputMask in Frameworks */ = {isa = PBXBuildFile; productRef = 659E1C892B31701A00A29617 /* InputMask */; };
		659E1C8D2B3178EB00A29617 /* iPhoneNumberField in Frameworks */ = {isa = PBXBuildFile; productRef = 659E1C8C2B3178EB00A29617 /* iPhoneNumberField */; };
		659E1C8F2B318E3800A29617 /* OrderPage.swift in Sources */ = {isa = PBXBuildFile; fileRef = 659E1C8E2B318E3800A29617 /* OrderPage.swift */; };
		659E1C912B318EDF00A29617 /* OrderViewModel.swift in Sources */ = {isa = PBXBuildFile; fileRef = 659E1C902B318EDF00A29617 /* OrderViewModel.swift */; };
		659E1C942B31980700A29617 /* DoneOrderView.swift in Sources */ = {isa = PBXBuildFile; fileRef = 659E1C932B31980700A29617 /* DoneOrderView.swift */; };
/* End PBXBuildFile section */

/* Begin PBXFileReference section */
		659E1C432B30AA3600A29617 /* HotelProject.app */ = {isa = PBXFileReference; explicitFileType = wrapper.application; includeInIndex = 0; path = HotelProject.app; sourceTree = BUILT_PRODUCTS_DIR; };
		659E1C462B30AA3600A29617 /* HotelProjectApp.swift */ = {isa = PBXFileReference; lastKnownFileType = sourcecode.swift; path = HotelProjectApp.swift; sourceTree = "<group>"; };
		659E1C482B30AA3600A29617 /* ContentView.swift */ = {isa = PBXFileReference; lastKnownFileType = sourcecode.swift; path = ContentView.swift; sourceTree = "<group>"; };
		659E1C4A2B30AA3900A29617 /* Assets.xcassets */ = {isa = PBXFileReference; lastKnownFileType = folder.assetcatalog; path = Assets.xcassets; sourceTree = "<group>"; };
		659E1C4D2B30AA3900A29617 /* Preview Assets.xcassets */ = {isa = PBXFileReference; lastKnownFileType = folder.assetcatalog; path = "Preview Assets.xcassets"; sourceTree = "<group>"; };
		659E1C572B30AB4000A29617 /* MainHotelView.swift */ = {isa = PBXFileReference; lastKnownFileType = sourcecode.swift; path = MainHotelView.swift; sourceTree = "<group>"; };
		659E1C5A2B30AC8800A29617 /* AppColors.swift */ = {isa = PBXFileReference; lastKnownFileType = sourcecode.swift; path = AppColors.swift; sourceTree = "<group>"; };
		659E1C5D2B30D4F500A29617 /* WrappingHstack.swift */ = {isa = PBXFileReference; lastKnownFileType = sourcecode.swift; path = WrappingHstack.swift; sourceTree = "<group>"; };
		659E1C5F2B30D52800A29617 /* SpecificRounCorner.swift */ = {isa = PBXFileReference; lastKnownFileType = sourcecode.swift; path = SpecificRounCorner.swift; sourceTree = "<group>"; };
		659E1C612B30D57400A29617 /* MainViewModel.swift */ = {isa = PBXFileReference; lastKnownFileType = sourcecode.swift; path = MainViewModel.swift; sourceTree = "<group>"; };
		659E1C6A2B30D62A00A29617 /* ApiManager.swift */ = {isa = PBXFileReference; lastKnownFileType = sourcecode.swift; path = ApiManager.swift; sourceTree = "<group>"; };
		659E1C6D2B30D6A800A29617 /* FirstPageModel.swift */ = {isa = PBXFileReference; lastKnownFileType = sourcecode.swift; path = FirstPageModel.swift; sourceTree = "<group>"; };
		659E1C702B31353B00A29617 /* RoomsViewList.swift */ = {isa = PBXFileReference; lastKnownFileType = sourcecode.swift; path = RoomsViewList.swift; sourceTree = "<group>"; };
		659E1C722B31588F00A29617 /* RoomsListViewModel.swift */ = {isa = PBXFileReference; lastKnownFileType = sourcecode.swift; path = RoomsListViewModel.swift; sourceTree = "<group>"; };
		659E1C742B31597200A29617 /* RoomListModel.swift */ = {isa = PBXFileReference; lastKnownFileType = sourcecode.swift; path = RoomListModel.swift; sourceTree = "<group>"; };
		659E1C772B315F3400A29617 /* RoomCard.swift */ = {isa = PBXFileReference; lastKnownFileType = sourcecode.swift; path = RoomCard.swift; sourceTree = "<group>"; };
		659E1C7A2B315F5500A29617 /* RatingView.swift */ = {isa = PBXFileReference; lastKnownFileType = sourcecode.swift; path = RatingView.swift; sourceTree = "<group>"; };
		659E1C7C2B315F7E00A29617 /* OptionView.swift */ = {isa = PBXFileReference; lastKnownFileType = sourcecode.swift; path = OptionView.swift; sourceTree = "<group>"; };
		659E1C7E2B315FB600A29617 /* DescriptionLine.swift */ = {isa = PBXFileReference; lastKnownFileType = sourcecode.swift; path = DescriptionLine.swift; sourceTree = "<group>"; };
		659E1C802B315FD800A29617 /* Images.swift */ = {isa = PBXFileReference; lastKnownFileType = sourcecode.swift; path = Images.swift; sourceTree = "<group>"; };
		659E1C832B31618100A29617 /* OrderView.swift */ = {isa = PBXFileReference; lastKnownFileType = sourcecode.swift; path = OrderView.swift; sourceTree = "<group>"; };
		659E1C862B3166A000A29617 /* CustomTextField.swift */ = {isa = PBXFileReference; lastKnownFileType = sourcecode.swift; path = CustomTextField.swift; sourceTree = "<group>"; };
		659E1C8E2B318E3800A29617 /* OrderPage.swift */ = {isa = PBXFileReference; lastKnownFileType = sourcecode.swift; path = OrderPage.swift; sourceTree = "<group>"; };
		659E1C902B318EDF00A29617 /* OrderViewModel.swift */ = {isa = PBXFileReference; lastKnownFileType = sourcecode.swift; path = OrderViewModel.swift; sourceTree = "<group>"; };
		659E1C932B31980700A29617 /* DoneOrderView.swift */ = {isa = PBXFileReference; lastKnownFileType = sourcecode.swift; path = DoneOrderView.swift; sourceTree = "<group>"; };
/* End PBXFileReference section */

/* Begin PBXFrameworksBuildPhase section */
		659E1C402B30AA3600A29617 /* Frameworks */ = {
			isa = PBXFrameworksBuildPhase;
			buildActionMask = 2147483647;
			files = (
				659E1C8A2B31701A00A29617 /* InputMask in Frameworks */,
				659E1C8D2B3178EB00A29617 /* iPhoneNumberField in Frameworks */,
				659E1C682B30D61700A29617 /* Kingfisher in Frameworks */,
				659E1C652B30D5D100A29617 /* Alamofire in Frameworks */,
			);
			runOnlyForDeploymentPostprocessing = 0;
		};
/* End PBXFrameworksBuildPhase section */

/* Begin PBXGroup section */
		659E1C3A2B30AA3600A29617 = {
			isa = PBXGroup;
			children = (
				659E1C452B30AA3600A29617 /* HotelProject */,
				659E1C442B30AA3600A29617 /* Products */,
			);
			sourceTree = "<group>";
		};
		659E1C442B30AA3600A29617 /* Products */ = {
			isa = PBXGroup;
			children = (
				659E1C432B30AA3600A29617 /* HotelProject.app */,
			);
			name = Products;
			sourceTree = "<group>";
		};
		659E1C452B30AA3600A29617 /* HotelProject */ = {
			isa = PBXGroup;
			children = (
				659E1C6C2B30D69B00A29617 /* Models */,
				659E1C692B30D61D00A29617 /* Managers */,
				659E1C592B30AC5E00A29617 /* Resources */,
				659E1C5C2B30D4CD00A29617 /* Extensions */,
				659E1C562B30AB1200A29617 /* Sources */,
				659E1C542B30AAB800A29617 /* Modules */,
				659E1C852B31668C00A29617 /* CustomViews */,
				659E1C4A2B30AA3900A29617 /* Assets.xcassets */,
				659E1C4C2B30AA3900A29617 /* Preview Content */,
			);
			path = HotelProject;
			sourceTree = "<group>";
		};
		659E1C4C2B30AA3900A29617 /* Preview Content */ = {
			isa = PBXGroup;
			children = (
				659E1C4D2B30AA3900A29617 /* Preview Assets.xcassets */,
			);
			path = "Preview Content";
			sourceTree = "<group>";
		};
		659E1C542B30AAB800A29617 /* Modules */ = {
			isa = PBXGroup;
			children = (
				659E1C922B31977300A29617 /* DoneOrderModule */,
				659E1C822B31617100A29617 /* OrderModule */,
				659E1C6F2B31352A00A29617 /* RoomsListModule */,
				659E1C552B30AAC500A29617 /* MainModule */,
			);
			path = Modules;
			sourceTree = "<group>";
		};
		659E1C552B30AAC500A29617 /* MainModule */ = {
			isa = PBXGroup;
			children = (
				659E1C792B315F4500A29617 /* Views */,
				659E1C572B30AB4000A29617 /* MainHotelView.swift */,
				659E1C612B30D57400A29617 /* MainViewModel.swift */,
			);
			path = MainModule;
			sourceTree = "<group>";
		};
		659E1C562B30AB1200A29617 /* Sources */ = {
			isa = PBXGroup;
			children = (
				659E1C462B30AA3600A29617 /* HotelProjectApp.swift */,
				659E1C482B30AA3600A29617 /* ContentView.swift */,
			);
			path = Sources;
			sourceTree = "<group>";
		};
		659E1C592B30AC5E00A29617 /* Resources */ = {
			isa = PBXGroup;
			children = (
				659E1C5A2B30AC8800A29617 /* AppColors.swift */,
			);
			path = Resources;
			sourceTree = "<group>";
		};
		659E1C5C2B30D4CD00A29617 /* Extensions */ = {
			isa = PBXGroup;
			children = (
				659E1C5D2B30D4F500A29617 /* WrappingHstack.swift */,
				659E1C5F2B30D52800A29617 /* SpecificRounCorner.swift */,
			);
			path = Extensions;
			sourceTree = "<group>";
		};
		659E1C692B30D61D00A29617 /* Managers */ = {
			isa = PBXGroup;
			children = (
				659E1C6A2B30D62A00A29617 /* ApiManager.swift */,
			);
			path = Managers;
			sourceTree = "<group>";
		};
		659E1C6C2B30D69B00A29617 /* Models */ = {
			isa = PBXGroup;
			children = (
				659E1C6D2B30D6A800A29617 /* FirstPageModel.swift */,
				659E1C742B31597200A29617 /* RoomListModel.swift */,
				659E1C8E2B318E3800A29617 /* OrderPage.swift */,
			);
			path = Models;
			sourceTree = "<group>";
		};
		659E1C6F2B31352A00A29617 /* RoomsListModule */ = {
			isa = PBXGroup;
			children = (
				659E1C762B315F1E00A29617 /* Cells */,
				659E1C702B31353B00A29617 /* RoomsViewList.swift */,
				659E1C722B31588F00A29617 /* RoomsListViewModel.swift */,
			);
			path = RoomsListModule;
			sourceTree = "<group>";
		};
		659E1C762B315F1E00A29617 /* Cells */ = {
			isa = PBXGroup;
			children = (
				659E1C772B315F3400A29617 /* RoomCard.swift */,
			);
			path = Cells;
			sourceTree = "<group>";
		};
		659E1C792B315F4500A29617 /* Views */ = {
			isa = PBXGroup;
			children = (
				659E1C7A2B315F5500A29617 /* RatingView.swift */,
				659E1C7C2B315F7E00A29617 /* OptionView.swift */,
				659E1C7E2B315FB600A29617 /* DescriptionLine.swift */,
				659E1C802B315FD800A29617 /* Images.swift */,
			);
			path = Views;
			sourceTree = "<group>";
		};
		659E1C822B31617100A29617 /* OrderModule */ = {
			isa = PBXGroup;
			children = (
				659E1C832B31618100A29617 /* OrderView.swift */,
				659E1C902B318EDF00A29617 /* OrderViewModel.swift */,
			);
			path = OrderModule;
			sourceTree = "<group>";
		};
		659E1C852B31668C00A29617 /* CustomViews */ = {
			isa = PBXGroup;
			children = (
				659E1C862B3166A000A29617 /* CustomTextField.swift */,
			);
			path = CustomViews;
			sourceTree = "<group>";
		};
		659E1C922B31977300A29617 /* DoneOrderModule */ = {
			isa = PBXGroup;
			children = (
				659E1C932B31980700A29617 /* DoneOrderView.swift */,
			);
			path = DoneOrderModule;
			sourceTree = "<group>";
		};
/* End PBXGroup section */

/* Begin PBXNativeTarget section */
		659E1C422B30AA3600A29617 /* HotelProject */ = {
			isa = PBXNativeTarget;
			buildConfigurationList = 659E1C512B30AA3900A29617 /* Build configuration list for PBXNativeTarget "HotelProject" */;
			buildPhases = (
				659E1C3F2B30AA3600A29617 /* Sources */,
				659E1C402B30AA3600A29617 /* Frameworks */,
				659E1C412B30AA3600A29617 /* Resources */,
			);
			buildRules = (
			);
			dependencies = (
			);
			name = HotelProject;
			packageProductDependencies = (
				659E1C642B30D5D100A29617 /* Alamofire */,
				659E1C672B30D61700A29617 /* Kingfisher */,
				659E1C892B31701A00A29617 /* InputMask */,
				659E1C8C2B3178EB00A29617 /* iPhoneNumberField */,
			);
			productName = HotelProject;
			productReference = 659E1C432B30AA3600A29617 /* HotelProject.app */;
			productType = "com.apple.product-type.application";
		};
/* End PBXNativeTarget section */

/* Begin PBXProject section */
		659E1C3B2B30AA3600A29617 /* Project object */ = {
			isa = PBXProject;
			attributes = {
				BuildIndependentTargetsInParallel = 1;
				LastSwiftUpdateCheck = 1500;
				LastUpgradeCheck = 1500;
				TargetAttributes = {
					659E1C422B30AA3600A29617 = {
						CreatedOnToolsVersion = 15.0;
					};
				};
			};
			buildConfigurationList = 659E1C3E2B30AA3600A29617 /* Build configuration list for PBXProject "HotelProject" */;
			compatibilityVersion = "Xcode 14.0";
			developmentRegion = en;
			hasScannedForEncodings = 0;
			knownRegions = (
				en,
				Base,
			);
			mainGroup = 659E1C3A2B30AA3600A29617;
			packageReferences = (
				659E1C632B30D5D000A29617 /* XCRemoteSwiftPackageReference "Alamofire" */,
				659E1C662B30D61700A29617 /* XCRemoteSwiftPackageReference "Kingfisher" */,
				659E1C882B31701A00A29617 /* XCRemoteSwiftPackageReference "input-mask-ios" */,
				659E1C8B2B3178EB00A29617 /* XCRemoteSwiftPackageReference "iPhoneNumberField" */,
			);
			productRefGroup = 659E1C442B30AA3600A29617 /* Products */;
			projectDirPath = "";
			projectRoot = "";
			targets = (
				659E1C422B30AA3600A29617 /* HotelProject */,
			);
		};
/* End PBXProject section */

/* Begin PBXResourcesBuildPhase section */
		659E1C412B30AA3600A29617 /* Resources */ = {
			isa = PBXResourcesBuildPhase;
			buildActionMask = 2147483647;
			files = (
				659E1C4E2B30AA3900A29617 /* Preview Assets.xcassets in Resources */,
				659E1C4B2B30AA3900A29617 /* Assets.xcassets in Resources */,
			);
			runOnlyForDeploymentPostprocessing = 0;
		};
/* End PBXResourcesBuildPhase section */

/* Begin PBXSourcesBuildPhase section */
		659E1C3F2B30AA3600A29617 /* Sources */ = {
			isa = PBXSourcesBuildPhase;
			buildActionMask = 2147483647;
			files = (
				659E1C782B315F3400A29617 /* RoomCard.swift in Sources */,
				659E1C752B31597200A29617 /* RoomListModel.swift in Sources */,
				659E1C732B31588F00A29617 /* RoomsListViewModel.swift in Sources */,
				659E1C812B315FD800A29617 /* Images.swift in Sources */,
				659E1C6B2B30D62A00A29617 /* ApiManager.swift in Sources */,
				659E1C872B3166A000A29617 /* CustomTextField.swift in Sources */,
				659E1C622B30D57400A29617 /* MainViewModel.swift in Sources */,
				659E1C5E2B30D4F500A29617 /* WrappingHstack.swift in Sources */,
				659E1C492B30AA3600A29617 /* ContentView.swift in Sources */,
				659E1C602B30D52800A29617 /* SpecificRounCorner.swift in Sources */,
				659E1C6E2B30D6A800A29617 /* FirstPageModel.swift in Sources */,
				659E1C5B2B30AC8800A29617 /* AppColors.swift in Sources */,
				659E1C912B318EDF00A29617 /* OrderViewModel.swift in Sources */,
				659E1C712B31353B00A29617 /* RoomsViewList.swift in Sources */,
				659E1C472B30AA3600A29617 /* HotelProjectApp.swift in Sources */,
				659E1C942B31980700A29617 /* DoneOrderView.swift in Sources */,
				659E1C7F2B315FB600A29617 /* DescriptionLine.swift in Sources */,
				659E1C582B30AB4000A29617 /* MainHotelView.swift in Sources */,
				659E1C842B31618100A29617 /* OrderView.swift in Sources */,
				659E1C7D2B315F7E00A29617 /* OptionView.swift in Sources */,
				659E1C7B2B315F5500A29617 /* RatingView.swift in Sources */,
				659E1C8F2B318E3800A29617 /* OrderPage.swift in Sources */,
			);
			runOnlyForDeploymentPostprocessing = 0;
		};
/* End PBXSourcesBuildPhase section */

/* Begin XCBuildConfiguration section */
		659E1C4F2B30AA3900A29617 /* Debug */ = {
			isa = XCBuildConfiguration;
			buildSettings = {
				ALWAYS_SEARCH_USER_PATHS = NO;
				ASSETCATALOG_COMPILER_GENERATE_SWIFT_ASSET_SYMBOL_EXTENSIONS = YES;
				CLANG_ANALYZER_NONNULL = YES;
				CLANG_ANALYZER_NUMBER_OBJECT_CONVERSION = YES_AGGRESSIVE;
				CLANG_CXX_LANGUAGE_STANDARD = "gnu++20";
				CLANG_ENABLE_MODULES = YES;
				CLANG_ENABLE_OBJC_ARC = YES;
				CLANG_ENABLE_OBJC_WEAK = YES;
				CLANG_WARN_BLOCK_CAPTURE_AUTORELEASING = YES;
				CLANG_WARN_BOOL_CONVERSION = YES;
				CLANG_WARN_COMMA = YES;
				CLANG_WARN_CONSTANT_CONVERSION = YES;
				CLANG_WARN_DEPRECATED_OBJC_IMPLEMENTATIONS = YES;
				CLANG_WARN_DIRECT_OBJC_ISA_USAGE = YES_ERROR;
				CLANG_WARN_DOCUMENTATION_COMMENTS = YES;
				CLANG_WARN_EMPTY_BODY = YES;
				CLANG_WARN_ENUM_CONVERSION = YES;
				CLANG_WARN_INFINITE_RECURSION = YES;
				CLANG_WARN_INT_CONVERSION = YES;
				CLANG_WARN_NON_LITERAL_NULL_CONVERSION = YES;
				CLANG_WARN_OBJC_IMPLICIT_RETAIN_SELF = YES;
				CLANG_WARN_OBJC_LITERAL_CONVERSION = YES;
				CLANG_WARN_OBJC_ROOT_CLASS = YES_ERROR;
				CLANG_WARN_QUOTED_INCLUDE_IN_FRAMEWORK_HEADER = YES;
				CLANG_WARN_RANGE_LOOP_ANALYSIS = YES;
				CLANG_WARN_STRICT_PROTOTYPES = YES;
				CLANG_WARN_SUSPICIOUS_MOVE = YES;
				CLANG_WARN_UNGUARDED_AVAILABILITY = YES_AGGRESSIVE;
				CLANG_WARN_UNREACHABLE_CODE = YES;
				CLANG_WARN__DUPLICATE_METHOD_MATCH = YES;
				COPY_PHASE_STRIP = NO;
				DEBUG_INFORMATION_FORMAT = dwarf;
				ENABLE_STRICT_OBJC_MSGSEND = YES;
				ENABLE_TESTABILITY = YES;
				ENABLE_USER_SCRIPT_SANDBOXING = YES;
				GCC_C_LANGUAGE_STANDARD = gnu17;
				GCC_DYNAMIC_NO_PIC = NO;
				GCC_NO_COMMON_BLOCKS = YES;
				GCC_OPTIMIZATION_LEVEL = 0;
				GCC_PREPROCESSOR_DEFINITIONS = (
					"DEBUG=1",
					"$(inherited)",
				);
				GCC_WARN_64_TO_32_BIT_CONVERSION = YES;
				GCC_WARN_ABOUT_RETURN_TYPE = YES_ERROR;
				GCC_WARN_UNDECLARED_SELECTOR = YES;
				GCC_WARN_UNINITIALIZED_AUTOS = YES_AGGRESSIVE;
				GCC_WARN_UNUSED_FUNCTION = YES;
				GCC_WARN_UNUSED_VARIABLE = YES;
				IPHONEOS_DEPLOYMENT_TARGET = 17.0;
				LOCALIZATION_PREFERS_STRING_CATALOGS = YES;
				MTL_ENABLE_DEBUG_INFO = INCLUDE_SOURCE;
				MTL_FAST_MATH = YES;
				ONLY_ACTIVE_ARCH = YES;
				SDKROOT = iphoneos;
				SWIFT_ACTIVE_COMPILATION_CONDITIONS = "DEBUG $(inherited)";
				SWIFT_OPTIMIZATION_LEVEL = "-Onone";
			};
			name = Debug;
		};
		659E1C502B30AA3900A29617 /* Release */ = {
			isa = XCBuildConfiguration;
			buildSettings = {
				ALWAYS_SEARCH_USER_PATHS = NO;
				ASSETCATALOG_COMPILER_GENERATE_SWIFT_ASSET_SYMBOL_EXTENSIONS = YES;
				CLANG_ANALYZER_NONNULL = YES;
				CLANG_ANALYZER_NUMBER_OBJECT_CONVERSION = YES_AGGRESSIVE;
				CLANG_CXX_LANGUAGE_STANDARD = "gnu++20";
				CLANG_ENABLE_MODULES = YES;
				CLANG_ENABLE_OBJC_ARC = YES;
				CLANG_ENABLE_OBJC_WEAK = YES;
				CLANG_WARN_BLOCK_CAPTURE_AUTORELEASING = YES;
				CLANG_WARN_BOOL_CONVERSION = YES;
				CLANG_WARN_COMMA = YES;
				CLANG_WARN_CONSTANT_CONVERSION = YES;
				CLANG_WARN_DEPRECATED_OBJC_IMPLEMENTATIONS = YES;
				CLANG_WARN_DIRECT_OBJC_ISA_USAGE = YES_ERROR;
				CLANG_WARN_DOCUMENTATION_COMMENTS = YES;
				CLANG_WARN_EMPTY_BODY = YES;
				CLANG_WARN_ENUM_CONVERSION = YES;
				CLANG_WARN_INFINITE_RECURSION = YES;
				CLANG_WARN_INT_CONVERSION = YES;
				CLANG_WARN_NON_LITERAL_NULL_CONVERSION = YES;
				CLANG_WARN_OBJC_IMPLICIT_RETAIN_SELF = YES;
				CLANG_WARN_OBJC_LITERAL_CONVERSION = YES;
				CLANG_WARN_OBJC_ROOT_CLASS = YES_ERROR;
				CLANG_WARN_QUOTED_INCLUDE_IN_FRAMEWORK_HEADER = YES;
				CLANG_WARN_RANGE_LOOP_ANALYSIS = YES;
				CLANG_WARN_STRICT_PROTOTYPES = YES;
				CLANG_WARN_SUSPICIOUS_MOVE = YES;
				CLANG_WARN_UNGUARDED_AVAILABILITY = YES_AGGRESSIVE;
				CLANG_WARN_UNREACHABLE_CODE = YES;
				CLANG_WARN__DUPLICATE_METHOD_MATCH = YES;
				COPY_PHASE_STRIP = NO;
				DEBUG_INFORMATION_FORMAT = "dwarf-with-dsym";
				ENABLE_NS_ASSERTIONS = NO;
				ENABLE_STRICT_OBJC_MSGSEND = YES;
				ENABLE_USER_SCRIPT_SANDBOXING = YES;
				GCC_C_LANGUAGE_STANDARD = gnu17;
				GCC_NO_COMMON_BLOCKS = YES;
				GCC_WARN_64_TO_32_BIT_CONVERSION = YES;
				GCC_WARN_ABOUT_RETURN_TYPE = YES_ERROR;
				GCC_WARN_UNDECLARED_SELECTOR = YES;
				GCC_WARN_UNINITIALIZED_AUTOS = YES_AGGRESSIVE;
				GCC_WARN_UNUSED_FUNCTION = YES;
				GCC_WARN_UNUSED_VARIABLE = YES;
				IPHONEOS_DEPLOYMENT_TARGET = 17.0;
				LOCALIZATION_PREFERS_STRING_CATALOGS = YES;
				MTL_ENABLE_DEBUG_INFO = NO;
				MTL_FAST_MATH = YES;
				SDKROOT = iphoneos;
				SWIFT_COMPILATION_MODE = wholemodule;
				VALIDATE_PRODUCT = YES;
			};
			name = Release;
		};
		659E1C522B30AA3900A29617 /* Debug */ = {
			isa = XCBuildConfiguration;
			buildSettings = {
				ASSETCATALOG_COMPILER_APPICON_NAME = AppIcon;
				ASSETCATALOG_COMPILER_GLOBAL_ACCENT_COLOR_NAME = AccentColor;
				CODE_SIGN_STYLE = Automatic;
				CURRENT_PROJECT_VERSION = 1;
				DEVELOPMENT_ASSET_PATHS = "\"HotelProject/Preview Content\"";
				DEVELOPMENT_TEAM = Y67XYRV445;
				ENABLE_PREVIEWS = YES;
				GENERATE_INFOPLIST_FILE = YES;
				INFOPLIST_KEY_UIApplicationSceneManifest_Generation = YES;
				INFOPLIST_KEY_UIApplicationSupportsIndirectInputEvents = YES;
				INFOPLIST_KEY_UILaunchScreen_Generation = YES;
				INFOPLIST_KEY_UISupportedInterfaceOrientations_iPad = "UIInterfaceOrientationPortrait UIInterfaceOrientationPortraitUpsideDown UIInterfaceOrientationLandscapeLeft UIInterfaceOrientationLandscapeRight";
				INFOPLIST_KEY_UISupportedInterfaceOrientations_iPhone = "UIInterfaceOrientationPortrait UIInterfaceOrientationLandscapeLeft UIInterfaceOrientationLandscapeRight";
				LD_RUNPATH_SEARCH_PATHS = (
					"$(inherited)",
					"@executable_path/Frameworks",
				);
				MARKETING_VERSION = 1.0;
				PRODUCT_BUNDLE_IDENTIFIER = "artem-solovev.HotelProject";
				PRODUCT_NAME = "$(TARGET_NAME)";
				SWIFT_EMIT_LOC_STRINGS = YES;
				SWIFT_VERSION = 5.0;
				TARGETED_DEVICE_FAMILY = "1,2";
			};
			name = Debug;
		};
		659E1C532B30AA3900A29617 /* Release */ = {
			isa = XCBuildConfiguration;
			buildSettings = {
				ASSETCATALOG_COMPILER_APPICON_NAME = AppIcon;
				ASSETCATALOG_COMPILER_GLOBAL_ACCENT_COLOR_NAME = AccentColor;
				CODE_SIGN_STYLE = Automatic;
				CURRENT_PROJECT_VERSION = 1;
				DEVELOPMENT_ASSET_PATHS = "\"HotelProject/Preview Content\"";
				DEVELOPMENT_TEAM = Y67XYRV445;
				ENABLE_PREVIEWS = YES;
				GENERATE_INFOPLIST_FILE = YES;
				INFOPLIST_KEY_UIApplicationSceneManifest_Generation = YES;
				INFOPLIST_KEY_UIApplicationSupportsIndirectInputEvents = YES;
				INFOPLIST_KEY_UILaunchScreen_Generation = YES;
				INFOPLIST_KEY_UISupportedInterfaceOrientations_iPad = "UIInterfaceOrientationPortrait UIInterfaceOrientationPortraitUpsideDown UIInterfaceOrientationLandscapeLeft UIInterfaceOrientationLandscapeRight";
				INFOPLIST_KEY_UISupportedInterfaceOrientations_iPhone = "UIInterfaceOrientationPortrait UIInterfaceOrientationLandscapeLeft UIInterfaceOrientationLandscapeRight";
				LD_RUNPATH_SEARCH_PATHS = (
					"$(inherited)",
					"@executable_path/Frameworks",
				);
				MARKETING_VERSION = 1.0;
				PRODUCT_BUNDLE_IDENTIFIER = "artem-solovev.HotelProject";
				PRODUCT_NAME = "$(TARGET_NAME)";
				SWIFT_EMIT_LOC_STRINGS = YES;
				SWIFT_VERSION = 5.0;
				TARGETED_DEVICE_FAMILY = "1,2";
			};
			name = Release;
		};
/* End XCBuildConfiguration section */

/* Begin XCConfigurationList section */
		659E1C3E2B30AA3600A29617 /* Build configuration list for PBXProject "HotelProject" */ = {
			isa = XCConfigurationList;
			buildConfigurations = (
				659E1C4F2B30AA3900A29617 /* Debug */,
				659E1C502B30AA3900A29617 /* Release */,
			);
			defaultConfigurationIsVisible = 0;
			defaultConfigurationName = Release;
		};
		659E1C512B30AA3900A29617 /* Build configuration list for PBXNativeTarget "HotelProject" */ = {
			isa = XCConfigurationList;
			buildConfigurations = (
				659E1C522B30AA3900A29617 /* Debug */,
				659E1C532B30AA3900A29617 /* Release */,
			);
			defaultConfigurationIsVisible = 0;
			defaultConfigurationName = Release;
		};
/* End XCConfigurationList section */

/* Begin XCRemoteSwiftPackageReference section */
		659E1C632B30D5D000A29617 /* XCRemoteSwiftPackageReference "Alamofire" */ = {
			isa = XCRemoteSwiftPackageReference;
			repositoryURL = "https://github.com/Alamofire/Alamofire.git";
			requirement = {
				kind = upToNextMajorVersion;
				minimumVersion = 5.8.1;
			};
		};
		659E1C662B30D61700A29617 /* XCRemoteSwiftPackageReference "Kingfisher" */ = {
			isa = XCRemoteSwiftPackageReference;
			repositoryURL = "https://github.com/onevcat/Kingfisher";
			requirement = {
				kind = upToNextMajorVersion;
				minimumVersion = 7.10.1;
			};
		};
		659E1C882B31701A00A29617 /* XCRemoteSwiftPackageReference "input-mask-ios" */ = {
			isa = XCRemoteSwiftPackageReference;
			repositoryURL = "https://github.com/RedMadRobot/input-mask-ios.git";
			requirement = {
				kind = upToNextMajorVersion;
				minimumVersion = 7.3.2;
			};
		};
		659E1C8B2B3178EB00A29617 /* XCRemoteSwiftPackageReference "iPhoneNumberField" */ = {
			isa = XCRemoteSwiftPackageReference;
			repositoryURL = "https://github.com/MojtabaHs/iPhoneNumberField.git";
			requirement = {
				kind = upToNextMajorVersion;
				minimumVersion = 0.10.1;
			};
		};
/* End XCRemoteSwiftPackageReference section */

/* Begin XCSwiftPackageProductDependency section */
		659E1C642B30D5D100A29617 /* Alamofire */ = {
			isa = XCSwiftPackageProductDependency;
			package = 659E1C632B30D5D000A29617 /* XCRemoteSwiftPackageReference "Alamofire" */;
			productName = Alamofire;
		};
		659E1C672B30D61700A29617 /* Kingfisher */ = {
			isa = XCSwiftPackageProductDependency;
			package = 659E1C662B30D61700A29617 /* XCRemoteSwiftPackageReference "Kingfisher" */;
			productName = Kingfisher;
		};
		659E1C892B31701A00A29617 /* InputMask */ = {
			isa = XCSwiftPackageProductDependency;
			package = 659E1C882B31701A00A29617 /* XCRemoteSwiftPackageReference "input-mask-ios" */;
			productName = InputMask;
		};
		659E1C8C2B3178EB00A29617 /* iPhoneNumberField */ = {
			isa = XCSwiftPackageProductDependency;
			package = 659E1C8B2B3178EB00A29617 /* XCRemoteSwiftPackageReference "iPhoneNumberField" */;
			productName = iPhoneNumberField;
		};
/* End XCSwiftPackageProductDependency section */
	};
	rootObject = 659E1C3B2B30AA3600A29617 /* Project object */;
}
